// !$*UTF8*$!
{
	archiveVersion = 1;
	classes = {
	};
	objectVersion = 56;
	objects = {

/* Begin PBXBuildFile section */
		C8BB3ACF2AC185A800CBB11D /* AppDelegate.swift in Sources */ = {isa = PBXBuildFile; fileRef = C8BB3ACE2AC185A800CBB11D /* AppDelegate.swift */; };
		C8BB3AD12AC185A800CBB11D /* SceneDelegate.swift in Sources */ = {isa = PBXBuildFile; fileRef = C8BB3AD02AC185A800CBB11D /* SceneDelegate.swift */; };
		C8BB3AD32AC185A800CBB11D /* LoaderViewController.swift in Sources */ = {isa = PBXBuildFile; fileRef = C8BB3AD22AC185A800CBB11D /* LoaderViewController.swift */; };
		C8BB3AD62AC185A800CBB11D /* Main.storyboard in Resources */ = {isa = PBXBuildFile; fileRef = C8BB3AD42AC185A800CBB11D /* Main.storyboard */; };
		C8BB3AD82AC185AA00CBB11D /* Assets.xcassets in Resources */ = {isa = PBXBuildFile; fileRef = C8BB3AD72AC185AA00CBB11D /* Assets.xcassets */; };
		C8BB3ADB2AC185AA00CBB11D /* LaunchScreen.storyboard in Resources */ = {isa = PBXBuildFile; fileRef = C8BB3AD92AC185AA00CBB11D /* LaunchScreen.storyboard */; };
		C8BB3AE62AC18B7200CBB11D /* NasaDB.xcdatamodeld in Sources */ = {isa = PBXBuildFile; fileRef = C8BB3AE42AC18B7200CBB11D /* NasaDB.xcdatamodeld */; };
		C8BB3AE92AC367DB00CBB11D /* Lottie in Frameworks */ = {isa = PBXBuildFile; productRef = C8BB3AE82AC367DB00CBB11D /* Lottie */; };
		C8BB3AEB2AC368AE00CBB11D /* loaderGif.json in Resources */ = {isa = PBXBuildFile; fileRef = C8BB3AEA2AC368AE00CBB11D /* loaderGif.json */; };
		C8BB3AED2AC3690D00CBB11D /* animation.gif in Resources */ = {isa = PBXBuildFile; fileRef = C8BB3AEC2AC3690C00CBB11D /* animation.gif */; };
		C8BB3AF32AC3750D00CBB11D /* SnapKit in Frameworks */ = {isa = PBXBuildFile; productRef = C8BB3AF22AC3750D00CBB11D /* SnapKit */; };
		C8BB3AF52AC37F2800CBB11D /* HomeViewController.swift in Sources */ = {isa = PBXBuildFile; fileRef = C8BB3AF42AC37F2800CBB11D /* HomeViewController.swift */; };
/* End PBXBuildFile section */

/* Begin PBXFileReference section */
		C8BB3ACB2AC185A800CBB11D /* NASAClientApp.app */ = {isa = PBXFileReference; explicitFileType = wrapper.application; includeInIndex = 0; path = NASAClientApp.app; sourceTree = BUILT_PRODUCTS_DIR; };
		C8BB3ACE2AC185A800CBB11D /* AppDelegate.swift */ = {isa = PBXFileReference; lastKnownFileType = sourcecode.swift; path = AppDelegate.swift; sourceTree = "<group>"; };
		C8BB3AD02AC185A800CBB11D /* SceneDelegate.swift */ = {isa = PBXFileReference; lastKnownFileType = sourcecode.swift; path = SceneDelegate.swift; sourceTree = "<group>"; };
		C8BB3AD22AC185A800CBB11D /* LoaderViewController.swift */ = {isa = PBXFileReference; lastKnownFileType = sourcecode.swift; path = LoaderViewController.swift; sourceTree = "<group>"; };
		C8BB3AD52AC185A800CBB11D /* Base */ = {isa = PBXFileReference; lastKnownFileType = file.storyboard; name = Base; path = Base.lproj/Main.storyboard; sourceTree = "<group>"; };
		C8BB3AD72AC185AA00CBB11D /* Assets.xcassets */ = {isa = PBXFileReference; lastKnownFileType = folder.assetcatalog; path = Assets.xcassets; sourceTree = "<group>"; };
		C8BB3ADA2AC185AA00CBB11D /* Base */ = {isa = PBXFileReference; lastKnownFileType = file.storyboard; name = Base; path = Base.lproj/LaunchScreen.storyboard; sourceTree = "<group>"; };
		C8BB3ADC2AC185AA00CBB11D /* Info.plist */ = {isa = PBXFileReference; lastKnownFileType = text.plist.xml; path = Info.plist; sourceTree = "<group>"; };
		C8BB3AE52AC18B7200CBB11D /* NasaDB.xcdatamodel */ = {isa = PBXFileReference; lastKnownFileType = wrapper.xcdatamodel; path = NasaDB.xcdatamodel; sourceTree = "<group>"; };
		C8BB3AEA2AC368AE00CBB11D /* loaderGif.json */ = {isa = PBXFileReference; fileEncoding = 4; lastKnownFileType = text.json; path = loaderGif.json; sourceTree = "<group>"; };
		C8BB3AEC2AC3690C00CBB11D /* animation.gif */ = {isa = PBXFileReference; lastKnownFileType = image.gif; path = animation.gif; sourceTree = "<group>"; };
		C8BB3AF42AC37F2800CBB11D /* HomeViewController.swift */ = {isa = PBXFileReference; lastKnownFileType = sourcecode.swift; path = HomeViewController.swift; sourceTree = "<group>"; };
/* End PBXFileReference section */

/* Begin PBXFrameworksBuildPhase section */
		C8BB3AC82AC185A800CBB11D /* Frameworks */ = {
			isa = PBXFrameworksBuildPhase;
			buildActionMask = 2147483647;
			files = (
				C8BB3AE92AC367DB00CBB11D /* Lottie in Frameworks */,
				C8BB3AF32AC3750D00CBB11D /* SnapKit in Frameworks */,
			);
			runOnlyForDeploymentPostprocessing = 0;
		};
/* End PBXFrameworksBuildPhase section */

/* Begin PBXGroup section */
		C8BB3AC22AC185A800CBB11D = {
			isa = PBXGroup;
			children = (
				C8BB3AE42AC18B7200CBB11D /* NasaDB.xcdatamodeld */,
				C8BB3ACD2AC185A800CBB11D /* NASAClientApp */,
				C8BB3ACC2AC185A800CBB11D /* Products */,
			);
			sourceTree = "<group>";
		};
		C8BB3ACC2AC185A800CBB11D /* Products */ = {
			isa = PBXGroup;
			children = (
				C8BB3ACB2AC185A800CBB11D /* NASAClientApp.app */,
			);
			name = Products;
			sourceTree = "<group>";
		};
		C8BB3ACD2AC185A800CBB11D /* NASAClientApp */ = {
			isa = PBXGroup;
			children = (
				C8BB3AE22AC1879C00CBB11D /* Application */,
				C8BB3AE32AC1890900CBB11D /* View */,
				C8BB3AEE2AC373C300CBB11D /* Extentions */,
				C8BB3ADC2AC185AA00CBB11D /* Info.plist */,
			);
			path = NASAClientApp;
			sourceTree = "<group>";
		};
		C8BB3AE22AC1879C00CBB11D /* Application */ = {
			isa = PBXGroup;
			children = (
				C8BB3ACE2AC185A800CBB11D /* AppDelegate.swift */,
				C8BB3AD02AC185A800CBB11D /* SceneDelegate.swift */,
				C8BB3AD42AC185A800CBB11D /* Main.storyboard */,
				C8BB3AD92AC185AA00CBB11D /* LaunchScreen.storyboard */,
				C8BB3AD72AC185AA00CBB11D /* Assets.xcassets */,
				C8BB3AEA2AC368AE00CBB11D /* loaderGif.json */,
				C8BB3AEC2AC3690C00CBB11D /* animation.gif */,
			);
			path = Application;
			sourceTree = "<group>";
		};
		C8BB3AE32AC1890900CBB11D /* View */ = {
			isa = PBXGroup;
			children = (
				C8BB3AD22AC185A800CBB11D /* LoaderViewController.swift */,
				C8BB3AF42AC37F2800CBB11D /* HomeViewController.swift */,
			);
			path = View;
			sourceTree = "<group>";
		};
		C8BB3AEE2AC373C300CBB11D /* Extentions */ = {
			isa = PBXGroup;
			children = (
			);
			path = Extentions;
			sourceTree = "<group>";
		};
/* End PBXGroup section */

/* Begin PBXNativeTarget section */
		C8BB3ACA2AC185A800CBB11D /* NASAClientApp */ = {
			isa = PBXNativeTarget;
			buildConfigurationList = C8BB3ADF2AC185AA00CBB11D /* Build configuration list for PBXNativeTarget "NASAClientApp" */;
			buildPhases = (
				C8BB3AC72AC185A800CBB11D /* Sources */,
				C8BB3AC82AC185A800CBB11D /* Frameworks */,
				C8BB3AC92AC185A800CBB11D /* Resources */,
			);
			buildRules = (
			);
			dependencies = (
			);
			name = NASAClientApp;
			packageProductDependencies = (
				C8BB3AE82AC367DB00CBB11D /* Lottie */,
				C8BB3AF22AC3750D00CBB11D /* SnapKit */,
			);
			productName = NASAClientApp;
			productReference = C8BB3ACB2AC185A800CBB11D /* NASAClientApp.app */;
			productType = "com.apple.product-type.application";
		};
/* End PBXNativeTarget section */

/* Begin PBXProject section */
		C8BB3AC32AC185A800CBB11D /* Project object */ = {
			isa = PBXProject;
			attributes = {
				BuildIndependentTargetsInParallel = 1;
				LastSwiftUpdateCheck = 1420;
				LastUpgradeCheck = 1420;
				TargetAttributes = {
					C8BB3ACA2AC185A800CBB11D = {
						CreatedOnToolsVersion = 14.2;
					};
				};
			};
			buildConfigurationList = C8BB3AC62AC185A800CBB11D /* Build configuration list for PBXProject "NASAClientApp" */;
			compatibilityVersion = "Xcode 14.0";
			developmentRegion = en;
			hasScannedForEncodings = 0;
			knownRegions = (
				en,
				Base,
			);
			mainGroup = C8BB3AC22AC185A800CBB11D;
			packageReferences = (
				C8BB3AE72AC367DB00CBB11D /* XCRemoteSwiftPackageReference "lottie-spm" */,
				C8BB3AF12AC3750D00CBB11D /* XCRemoteSwiftPackageReference "SnapKit" */,
			);
			productRefGroup = C8BB3ACC2AC185A800CBB11D /* Products */;
			projectDirPath = "";
			projectRoot = "";
			targets = (
				C8BB3ACA2AC185A800CBB11D /* NASAClientApp */,
			);
		};
/* End PBXProject section */

/* Begin PBXResourcesBuildPhase section */
		C8BB3AC92AC185A800CBB11D /* Resources */ = {
			isa = PBXResourcesBuildPhase;
			buildActionMask = 2147483647;
			files = (
				C8BB3ADB2AC185AA00CBB11D /* LaunchScreen.storyboard in Resources */,
				C8BB3AD82AC185AA00CBB11D /* Assets.xcassets in Resources */,
				C8BB3AD62AC185A800CBB11D /* Main.storyboard in Resources */,
				C8BB3AED2AC3690D00CBB11D /* animation.gif in Resources */,
				C8BB3AEB2AC368AE00CBB11D /* loaderGif.json in Resources */,
			);
			runOnlyForDeploymentPostprocessing = 0;
		};
/* End PBXResourcesBuildPhase section */

/* Begin PBXSourcesBuildPhase section */
		C8BB3AC72AC185A800CBB11D /* Sources */ = {
			isa = PBXSourcesBuildPhase;
			buildActionMask = 2147483647;
			files = (
				C8BB3AF52AC37F2800CBB11D /* HomeViewController.swift in Sources */,
				C8BB3AE62AC18B7200CBB11D /* NasaDB.xcdatamodeld in Sources */,
				C8BB3AD32AC185A800CBB11D /* LoaderViewController.swift in Sources */,
				C8BB3ACF2AC185A800CBB11D /* AppDelegate.swift in Sources */,
				C8BB3AD12AC185A800CBB11D /* SceneDelegate.swift in Sources */,
			);
			runOnlyForDeploymentPostprocessing = 0;
		};
/* End PBXSourcesBuildPhase section */

/* Begin PBXVariantGroup section */
		C8BB3AD42AC185A800CBB11D /* Main.storyboard */ = {
			isa = PBXVariantGroup;
			children = (
				C8BB3AD52AC185A800CBB11D /* Base */,
			);
			name = Main.storyboard;
			sourceTree = "<group>";
		};
		C8BB3AD92AC185AA00CBB11D /* LaunchScreen.storyboard */ = {
			isa = PBXVariantGroup;
			children = (
				C8BB3ADA2AC185AA00CBB11D /* Base */,
			);
			name = LaunchScreen.storyboard;
			sourceTree = "<group>";
		};
/* End PBXVariantGroup section */

/* Begin XCBuildConfiguration section */
		C8BB3ADD2AC185AA00CBB11D /* Debug */ = {
			isa = XCBuildConfiguration;
			buildSettings = {
				ALWAYS_SEARCH_USER_PATHS = NO;
				CLANG_ANALYZER_NONNULL = YES;
				CLANG_ANALYZER_NUMBER_OBJECT_CONVERSION = YES_AGGRESSIVE;
				CLANG_CXX_LANGUAGE_STANDARD = "gnu++20";
				CLANG_ENABLE_MODULES = YES;
				CLANG_ENABLE_OBJC_ARC = YES;
				CLANG_ENABLE_OBJC_WEAK = YES;
				CLANG_WARN_BLOCK_CAPTURE_AUTORELEASING = YES;
				CLANG_WARN_BOOL_CONVERSION = YES;
				CLANG_WARN_COMMA = YES;
				CLANG_WARN_CONSTANT_CONVERSION = YES;
				CLANG_WARN_DEPRECATED_OBJC_IMPLEMENTATIONS = YES;
				CLANG_WARN_DIRECT_OBJC_ISA_USAGE = YES_ERROR;
				CLANG_WARN_DOCUMENTATION_COMMENTS = YES;
				CLANG_WARN_EMPTY_BODY = YES;
				CLANG_WARN_ENUM_CONVERSION = YES;
				CLANG_WARN_INFINITE_RECURSION = YES;
				CLANG_WARN_INT_CONVERSION = YES;
				CLANG_WARN_NON_LITERAL_NULL_CONVERSION = YES;
				CLANG_WARN_OBJC_IMPLICIT_RETAIN_SELF = YES;
				CLANG_WARN_OBJC_LITERAL_CONVERSION = YES;
				CLANG_WARN_OBJC_ROOT_CLASS = YES_ERROR;
				CLANG_WARN_QUOTED_INCLUDE_IN_FRAMEWORK_HEADER = YES;
				CLANG_WARN_RANGE_LOOP_ANALYSIS = YES;
				CLANG_WARN_STRICT_PROTOTYPES = YES;
				CLANG_WARN_SUSPICIOUS_MOVE = YES;
				CLANG_WARN_UNGUARDED_AVAILABILITY = YES_AGGRESSIVE;
				CLANG_WARN_UNREACHABLE_CODE = YES;
				CLANG_WARN__DUPLICATE_METHOD_MATCH = YES;
				COPY_PHASE_STRIP = NO;
				DEBUG_INFORMATION_FORMAT = dwarf;
				ENABLE_STRICT_OBJC_MSGSEND = YES;
				ENABLE_TESTABILITY = YES;
				GCC_C_LANGUAGE_STANDARD = gnu11;
				GCC_DYNAMIC_NO_PIC = NO;
				GCC_NO_COMMON_BLOCKS = YES;
				GCC_OPTIMIZATION_LEVEL = 0;
				GCC_PREPROCESSOR_DEFINITIONS = (
					"DEBUG=1",
					"$(inherited)",
				);
				GCC_WARN_64_TO_32_BIT_CONVERSION = YES;
				GCC_WARN_ABOUT_RETURN_TYPE = YES_ERROR;
				GCC_WARN_UNDECLARED_SELECTOR = YES;
				GCC_WARN_UNINITIALIZED_AUTOS = YES_AGGRESSIVE;
				GCC_WARN_UNUSED_FUNCTION = YES;
				GCC_WARN_UNUSED_VARIABLE = YES;
				IPHONEOS_DEPLOYMENT_TARGET = 13.0;
				MTL_ENABLE_DEBUG_INFO = INCLUDE_SOURCE;
				MTL_FAST_MATH = YES;
				ONLY_ACTIVE_ARCH = YES;
				SDKROOT = iphoneos;
				SWIFT_ACTIVE_COMPILATION_CONDITIONS = DEBUG;
				SWIFT_OPTIMIZATION_LEVEL = "-Onone";
			};
			name = Debug;
		};
		C8BB3ADE2AC185AA00CBB11D /* Release */ = {
			isa = XCBuildConfiguration;
			buildSettings = {
				ALWAYS_SEARCH_USER_PATHS = NO;
				CLANG_ANALYZER_NONNULL = YES;
				CLANG_ANALYZER_NUMBER_OBJECT_CONVERSION = YES_AGGRESSIVE;
				CLANG_CXX_LANGUAGE_STANDARD = "gnu++20";
				CLANG_ENABLE_MODULES = YES;
				CLANG_ENABLE_OBJC_ARC = YES;
				CLANG_ENABLE_OBJC_WEAK = YES;
				CLANG_WARN_BLOCK_CAPTURE_AUTORELEASING = YES;
				CLANG_WARN_BOOL_CONVERSION = YES;
				CLANG_WARN_COMMA = YES;
				CLANG_WARN_CONSTANT_CONVERSION = YES;
				CLANG_WARN_DEPRECATED_OBJC_IMPLEMENTATIONS = YES;
				CLANG_WARN_DIRECT_OBJC_ISA_USAGE = YES_ERROR;
				CLANG_WARN_DOCUMENTATION_COMMENTS = YES;
				CLANG_WARN_EMPTY_BODY = YES;
				CLANG_WARN_ENUM_CONVERSION = YES;
				CLANG_WARN_INFINITE_RECURSION = YES;
				CLANG_WARN_INT_CONVERSION = YES;
				CLANG_WARN_NON_LITERAL_NULL_CONVERSION = YES;
				CLANG_WARN_OBJC_IMPLICIT_RETAIN_SELF = YES;
				CLANG_WARN_OBJC_LITERAL_CONVERSION = YES;
				CLANG_WARN_OBJC_ROOT_CLASS = YES_ERROR;
				CLANG_WARN_QUOTED_INCLUDE_IN_FRAMEWORK_HEADER = YES;
				CLANG_WARN_RANGE_LOOP_ANALYSIS = YES;
				CLANG_WARN_STRICT_PROTOTYPES = YES;
				CLANG_WARN_SUSPICIOUS_MOVE = YES;
				CLANG_WARN_UNGUARDED_AVAILABILITY = YES_AGGRESSIVE;
				CLANG_WARN_UNREACHABLE_CODE = YES;
				CLANG_WARN__DUPLICATE_METHOD_MATCH = YES;
				COPY_PHASE_STRIP = NO;
				DEBUG_INFORMATION_FORMAT = "dwarf-with-dsym";
				ENABLE_NS_ASSERTIONS = NO;
				ENABLE_STRICT_OBJC_MSGSEND = YES;
				GCC_C_LANGUAGE_STANDARD = gnu11;
				GCC_NO_COMMON_BLOCKS = YES;
				GCC_WARN_64_TO_32_BIT_CONVERSION = YES;
				GCC_WARN_ABOUT_RETURN_TYPE = YES_ERROR;
				GCC_WARN_UNDECLARED_SELECTOR = YES;
				GCC_WARN_UNINITIALIZED_AUTOS = YES_AGGRESSIVE;
				GCC_WARN_UNUSED_FUNCTION = YES;
				GCC_WARN_UNUSED_VARIABLE = YES;
				IPHONEOS_DEPLOYMENT_TARGET = 13.0;
				MTL_ENABLE_DEBUG_INFO = NO;
				MTL_FAST_MATH = YES;
				SDKROOT = iphoneos;
				SWIFT_COMPILATION_MODE = wholemodule;
				SWIFT_OPTIMIZATION_LEVEL = "-O";
				VALIDATE_PRODUCT = YES;
			};
			name = Release;
		};
		C8BB3AE02AC185AA00CBB11D /* Debug */ = {
			isa = XCBuildConfiguration;
			buildSettings = {
				ASSETCATALOG_COMPILER_APPICON_NAME = AppIcon;
				ASSETCATALOG_COMPILER_GLOBAL_ACCENT_COLOR_NAME = AccentColor;
				CODE_SIGN_STYLE = Automatic;
				CURRENT_PROJECT_VERSION = 1;
				DEVELOPMENT_TEAM = 9YC36K5NGP;
				GENERATE_INFOPLIST_FILE = YES;
				INFOPLIST_FILE = NASAClientApp/Info.plist;
				INFOPLIST_KEY_CFBundleDisplayName = "NASA Cliet";
				INFOPLIST_KEY_UIApplicationSupportsIndirectInputEvents = YES;
				INFOPLIST_KEY_UILaunchStoryboardName = LaunchScreen;
				INFOPLIST_KEY_UIMainStoryboardFile = Main;
				INFOPLIST_KEY_UISupportedInterfaceOrientations = UIInterfaceOrientationPortrait;
				INFOPLIST_KEY_UISupportedInterfaceOrientations_iPad = "UIInterfaceOrientationLandscapeLeft UIInterfaceOrientationLandscapeRight UIInterfaceOrientationPortrait UIInterfaceOrientationPortraitUpsideDown";
				IPHONEOS_DEPLOYMENT_TARGET = 13.0;
				LD_RUNPATH_SEARCH_PATHS = (
					"$(inherited)",
					"@executable_path/Frameworks",
				);
				MARKETING_VERSION = 1.0;
				PRODUCT_BUNDLE_IDENTIFIER = eLu.NASAClientApp;
				PRODUCT_NAME = "$(TARGET_NAME)";
				SUPPORTED_PLATFORMS = "iphoneos iphonesimulator";
				SUPPORTS_MACCATALYST = NO;
				SUPPORTS_MAC_DESIGNED_FOR_IPHONE_IPAD = YES;
				SWIFT_EMIT_LOC_STRINGS = YES;
				SWIFT_VERSION = 5.0;
				TARGETED_DEVICE_FAMILY = 1;
			};
			name = Debug;
		};
		C8BB3AE12AC185AA00CBB11D /* Release */ = {
			isa = XCBuildConfiguration;
			buildSettings = {
				ASSETCATALOG_COMPILER_APPICON_NAME = AppIcon;
				ASSETCATALOG_COMPILER_GLOBAL_ACCENT_COLOR_NAME = AccentColor;
				CODE_SIGN_STYLE = Automatic;
				CURRENT_PROJECT_VERSION = 1;
				DEVELOPMENT_TEAM = 9YC36K5NGP;
				GENERATE_INFOPLIST_FILE = YES;
				INFOPLIST_FILE = NASAClientApp/Info.plist;
				INFOPLIST_KEY_CFBundleDisplayName = "NASA Cliet";
				INFOPLIST_KEY_UIApplicationSupportsIndirectInputEvents = YES;
				INFOPLIST_KEY_UILaunchStoryboardName = LaunchScreen;
				INFOPLIST_KEY_UIMainStoryboardFile = Main;
				INFOPLIST_KEY_UISupportedInterfaceOrientations = UIInterfaceOrientationPortrait;
				INFOPLIST_KEY_UISupportedInterfaceOrientations_iPad = "UIInterfaceOrientationLandscapeLeft UIInterfaceOrientationLandscapeRight UIInterfaceOrientationPortrait UIInterfaceOrientationPortraitUpsideDown";
				IPHONEOS_DEPLOYMENT_TARGET = 13.0;
				LD_RUNPATH_SEARCH_PATHS = (
					"$(inherited)",
					"@executable_path/Frameworks",
				);
				MARKETING_VERSION = 1.0;
				PRODUCT_BUNDLE_IDENTIFIER = eLu.NASAClientApp;
				PRODUCT_NAME = "$(TARGET_NAME)";
				SUPPORTED_PLATFORMS = "iphoneos iphonesimulator";
				SUPPORTS_MACCATALYST = NO;
				SUPPORTS_MAC_DESIGNED_FOR_IPHONE_IPAD = YES;
				SWIFT_EMIT_LOC_STRINGS = YES;
				SWIFT_VERSION = 5.0;
				TARGETED_DEVICE_FAMILY = 1;
			};
			name = Release;
		};
/* End XCBuildConfiguration section */

/* Begin XCConfigurationList section */
		C8BB3AC62AC185A800CBB11D /* Build configuration list for PBXProject "NASAClientApp" */ = {
			isa = XCConfigurationList;
			buildConfigurations = (
				C8BB3ADD2AC185AA00CBB11D /* Debug */,
				C8BB3ADE2AC185AA00CBB11D /* Release */,
			);
			defaultConfigurationIsVisible = 0;
			defaultConfigurationName = Release;
		};
		C8BB3ADF2AC185AA00CBB11D /* Build configuration list for PBXNativeTarget "NASAClientApp" */ = {
			isa = XCConfigurationList;
			buildConfigurations = (
				C8BB3AE02AC185AA00CBB11D /* Debug */,
				C8BB3AE12AC185AA00CBB11D /* Release */,
			);
			defaultConfigurationIsVisible = 0;
			defaultConfigurationName = Release;
		};
/* End XCConfigurationList section */

/* Begin XCRemoteSwiftPackageReference section */
		C8BB3AE72AC367DB00CBB11D /* XCRemoteSwiftPackageReference "lottie-spm" */ = {
			isa = XCRemoteSwiftPackageReference;
			repositoryURL = "https://github.com/airbnb/lottie-spm.git";
			requirement = {
				kind = upToNextMajorVersion;
				minimumVersion = 4.0.0;
			};
		};
		C8BB3AF12AC3750D00CBB11D /* XCRemoteSwiftPackageReference "SnapKit" */ = {
			isa = XCRemoteSwiftPackageReference;
			repositoryURL = "https://github.com/SnapKit/SnapKit.git";
			requirement = {
				kind = upToNextMajorVersion;
				minimumVersion = 5.0.0;
			};
		};
/* End XCRemoteSwiftPackageReference section */

/* Begin XCSwiftPackageProductDependency section */
		C8BB3AE82AC367DB00CBB11D /* Lottie */ = {
			isa = XCSwiftPackageProductDependency;
			package = C8BB3AE72AC367DB00CBB11D /* XCRemoteSwiftPackageReference "lottie-spm" */;
			productName = Lottie;
		};
		C8BB3AF22AC3750D00CBB11D /* SnapKit */ = {
			isa = XCSwiftPackageProductDependency;
			package = C8BB3AF12AC3750D00CBB11D /* XCRemoteSwiftPackageReference "SnapKit" */;
			productName = SnapKit;
		};
/* End XCSwiftPackageProductDependency section */

/* Begin XCVersionGroup section */
		C8BB3AE42AC18B7200CBB11D /* NasaDB.xcdatamodeld */ = {
			isa = XCVersionGroup;
			children = (
				C8BB3AE52AC18B7200CBB11D /* NasaDB.xcdatamodel */,
			);
			currentVersion = C8BB3AE52AC18B7200CBB11D /* NasaDB.xcdatamodel */;
			name = NasaDB.xcdatamodeld;
			path = NASAClientApp/View/NasaDB.xcdatamodeld;
			sourceTree = "<group>";
			versionGroupType = wrapper.xcdatamodel;
		};
/* End XCVersionGroup section */
	};
	rootObject = C8BB3AC32AC185A800CBB11D /* Project object */;
}
